
Microsoft Visual Studio Solution File, Format Version 12.00
# Visual Studio Version 17
VisualStudioVersion = 17.0.32112.339
MinimumVisualStudioVersion = 10.0.40219.1
Project("{9A19103F-16F7-4668-BE54-9A1E7A4F7556}") = "ClinicaHumaita", "ClinicaHumaita\ClinicaHumaita.csproj", "{D6581F7E-7D3D-4885-813C-CB323A87667F}"
EndProject
Project("{FAE04EC0-301F-11D3-BF4B-00C04F79EFBC}") = "ClinicaHumaita.Business", "ClinicaHumaitaBusiness\ClinicaHumaita.Business.csproj", "{F499DD1D-1386-4942-879E-086F42FA6658}"
EndProject
Project("{FAE04EC0-301F-11D3-BF4B-00C04F79EFBC}") = "ClinicaHumaita.Data", "ClinicaHumaita.Repository\ClinicaHumaita.Data.csproj", "{DBE60115-9934-4A43-8A0C-F685294345EB}"
EndProject
Project("{FAE04EC0-301F-11D3-BF4B-00C04F79EFBC}") = "ClinicaHumaita.Shared", "ClinicaHumaita.Shared\ClinicaHumaita.Shared.csproj", "{3A0511FE-CB16-478A-AFD4-6B902014C0A7}"
EndProject
Global
	GlobalSection(SolutionConfigurationPlatforms) = preSolution
		Debug|Any CPU = Debug|Any CPU
		Release|Any CPU = Release|Any CPU
	EndGlobalSection
	GlobalSection(ProjectConfigurationPlatforms) = postSolution
		{D6581F7E-7D3D-4885-813C-CB323A87667F}.Debug|Any CPU.ActiveCfg = Debug|Any CPU
		{D6581F7E-7D3D-4885-813C-CB323A87667F}.Debug|Any CPU.Build.0 = Debug|Any CPU
		{D6581F7E-7D3D-4885-813C-CB323A87667F}.Release|Any CPU.ActiveCfg = Release|Any CPU
		{D6581F7E-7D3D-4885-813C-CB323A87667F}.Release|Any CPU.Build.0 = Release|Any CPU
		{F499DD1D-1386-4942-879E-086F42FA6658}.Debug|Any CPU.ActiveCfg = Debug|Any CPU
		{F499DD1D-1386-4942-879E-086F42FA6658}.Debug|Any CPU.Build.0 = Debug|Any CPU
		{F499DD1D-1386-4942-879E-086F42FA6658}.Release|Any CPU.ActiveCfg = Release|Any CPU
		{F499DD1D-1386-4942-879E-086F42FA6658}.Release|Any CPU.Build.0 = Release|Any CPU
		{DBE60115-9934-4A43-8A0C-F685294345EB}.Debug|Any CPU.ActiveCfg = Debug|Any CPU
		{DBE60115-9934-4A43-8A0C-F685294345EB}.Debug|Any CPU.Build.0 = Debug|Any CPU
		{DBE60115-9934-4A43-8A0C-F685294345EB}.Release|Any CPU.ActiveCfg = Release|Any CPU
		{DBE60115-9934-4A43-8A0C-F685294345EB}.Release|Any CPU.Build.0 = Release|Any CPU
		{3A0511FE-CB16-478A-AFD4-6B902014C0A7}.Debug|Any CPU.ActiveCfg = Debug|Any CPU
		{3A0511FE-CB16-478A-AFD4-6B902014C0A7}.Debug|Any CPU.Build.0 = Debug|Any CPU
		{3A0511FE-CB16-478A-AFD4-6B902014C0A7}.Release|Any CPU.ActiveCfg = Release|Any CPU
		{3A0511FE-CB16-478A-AFD4-6B902014C0A7}.Release|Any CPU.Build.0 = Release|Any CPU
	EndGlobalSection
	GlobalSection(SolutionProperties) = preSolution
		HideSolutionNode = FALSE
	EndGlobalSection
	GlobalSection(ExtensibilityGlobals) = postSolution
		SolutionGuid = {7F8B1B3B-829C-4A1B-A51C-604BAA28E5C1}
	EndGlobalSection
EndGlobal
